
Microsoft Visual Studio Solution File, Format Version 12.00
# Visual Studio 14
VisualStudioVersion = 14.0.22823.1
MinimumVisualStudioVersion = 10.0.40219.1
Project("{FAE04EC0-301F-11D3-BF4B-00C04F79EFBC}") = "ComposerTimeline", "ComposerTimeline\ComposerTimeline.csproj", "{73DA9912-A74D-43D7-87DE-08F626F24BFB}"
EndProject
Project("{FAE04EC0-301F-11D3-BF4B-00C04F79EFBC}") = "Timeline", "Timeline\Timeline.csproj", "{29F6B562-EED2-4EC5-9316-A6994A96E82D}"
EndProject
Project("{FAE04EC0-301F-11D3-BF4B-00C04F79EFBC}") = "Framework", "Framework\Framework.csproj", "{42F625DF-600B-48E6-B1CC-81925CAF6BB2}"
EndProject
Project("{2150E333-8FDC-42A3-9474-1A3956D46DE8}") = "Solution Items", "Solution Items", "{91A29C48-0499-4A2B-B0B4-C5A2E2A33F0D}"
EndProject
Project("{2150E333-8FDC-42A3-9474-1A3956D46DE8}") = "Considerations", "Considerations", "{82F976FE-BD0D-43E8-8050-94697AB06549}"
	ProjectSection(SolutionItems) = preProject
		Solution Items\Considerations\Considerations.pdf = Solution Items\Considerations\Considerations.pdf
		Solution Items\Considerations\Considerations.tex = Solution Items\Considerations\Considerations.tex
	EndProjectSection
EndProject
Project("{2150E333-8FDC-42A3-9474-1A3956D46DE8}") = "Concepts", "Concepts", "{5DAE45F3-4498-40E7-9CFD-2E02DF2A269F}"
	ProjectSection(SolutionItems) = preProject
		Solution Items\Concepts\DataEntryPage 1.pdn = Solution Items\Concepts\DataEntryPage 1.pdn
		Solution Items\Concepts\DataEntryPage 10.pdn = Solution Items\Concepts\DataEntryPage 10.pdn
		Solution Items\Concepts\DataEntryPage 11.pdn = Solution Items\Concepts\DataEntryPage 11.pdn
		Solution Items\Concepts\DataEntryPage 2.pdn = Solution Items\Concepts\DataEntryPage 2.pdn
		Solution Items\Concepts\DataEntryPage 3.pdn = Solution Items\Concepts\DataEntryPage 3.pdn
		Solution Items\Concepts\DataEntryPage 4.pdn = Solution Items\Concepts\DataEntryPage 4.pdn
		Solution Items\Concepts\DataEntryPage 5.pdn = Solution Items\Concepts\DataEntryPage 5.pdn
		Solution Items\Concepts\DataEntryPage 6.pdn = Solution Items\Concepts\DataEntryPage 6.pdn
		Solution Items\Concepts\DataEntryPage 7.pdn = Solution Items\Concepts\DataEntryPage 7.pdn
		Solution Items\Concepts\DataEntryPage 8.pdn = Solution Items\Concepts\DataEntryPage 8.pdn
		Solution Items\Concepts\DataEntryPage 9.pdn = Solution Items\Concepts\DataEntryPage 9.pdn
	EndProjectSection
EndProject
Project("{2150E333-8FDC-42A3-9474-1A3956D46DE8}") = "Requirements", "Requirements", "{AADBA64C-68FC-4105-A43A-FB0A378361E0}"
	ProjectSection(SolutionItems) = preProject
		Solution Items\Requirements\Requirements.pdf = Solution Items\Requirements\Requirements.pdf
		Solution Items\Requirements\Requirements.tex = Solution Items\Requirements\Requirements.tex
	EndProjectSection
EndProject
Project("{2150E333-8FDC-42A3-9474-1A3956D46DE8}") = "Diagrams", "Diagrams", "{C5062E12-CE92-463F-A071-AA4DBE6F3217}"
	ProjectSection(SolutionItems) = preProject
		Solution Items\Diagrams\Classical Music Database.mdj = Solution Items\Diagrams\Classical Music Database.mdj
	EndProjectSection
EndProject
Project("{2150E333-8FDC-42A3-9474-1A3956D46DE8}") = "Roadmap", "Roadmap", "{D67A2108-42C2-48AA-9FC9-FE54F395FCC6}"
	ProjectSection(SolutionItems) = preProject
		Solution Items\Roadmap\Roadmap.txt = Solution Items\Roadmap\Roadmap.txt
	EndProjectSection
EndProject
Project("{2150E333-8FDC-42A3-9474-1A3956D46DE8}") = "Specifications", "Specifications", "{3D15F068-FB6C-4080-9155-70ABD97ABE78}"
	ProjectSection(SolutionItems) = preProject
		Solution Items\Specifications\Composer Control Layout Diagram.png = Solution Items\Specifications\Composer Control Layout Diagram.png
		Solution Items\Specifications\Composer Page Back Button Diagram.png = Solution Items\Specifications\Composer Page Back Button Diagram.png
		Solution Items\Specifications\Composer Page Diagram.png = Solution Items\Specifications\Composer Page Diagram.png
		Solution Items\Specifications\Composer Page Header Diagram.png = Solution Items\Specifications\Composer Page Header Diagram.png
	EndProjectSection
EndProject
Project("{FAE04EC0-301F-11D3-BF4B-00C04F79EFBC}") = "Database", "Database\Database.csproj", "{0151A74E-334F-4E5F-95F7-EEFF670CA036}"
EndProject
Project("{FAE04EC0-301F-11D3-BF4B-00C04F79EFBC}") = "TimelineTest", "TimelineTest\TimelineTest.csproj", "{D90F5D82-F2E1-4607-A7AA-6B520059A0F4}"
EndProject
Global
	GlobalSection(SolutionConfigurationPlatforms) = preSolution
		Debug|Any CPU = Debug|Any CPU
		Release|Any CPU = Release|Any CPU
	EndGlobalSection
	GlobalSection(ProjectConfigurationPlatforms) = postSolution
		{73DA9912-A74D-43D7-87DE-08F626F24BFB}.Debug|Any CPU.ActiveCfg = Debug|Any CPU
		{73DA9912-A74D-43D7-87DE-08F626F24BFB}.Debug|Any CPU.Build.0 = Debug|Any CPU
		{73DA9912-A74D-43D7-87DE-08F626F24BFB}.Release|Any CPU.ActiveCfg = Release|Any CPU
		{73DA9912-A74D-43D7-87DE-08F626F24BFB}.Release|Any CPU.Build.0 = Release|Any CPU
		{29F6B562-EED2-4EC5-9316-A6994A96E82D}.Debug|Any CPU.ActiveCfg = Debug|Any CPU
		{29F6B562-EED2-4EC5-9316-A6994A96E82D}.Debug|Any CPU.Build.0 = Debug|Any CPU
		{29F6B562-EED2-4EC5-9316-A6994A96E82D}.Release|Any CPU.ActiveCfg = Release|Any CPU
		{29F6B562-EED2-4EC5-9316-A6994A96E82D}.Release|Any CPU.Build.0 = Release|Any CPU
		{42F625DF-600B-48E6-B1CC-81925CAF6BB2}.Debug|Any CPU.ActiveCfg = Debug|Any CPU
		{42F625DF-600B-48E6-B1CC-81925CAF6BB2}.Debug|Any CPU.Build.0 = Debug|Any CPU
		{42F625DF-600B-48E6-B1CC-81925CAF6BB2}.Release|Any CPU.ActiveCfg = Release|Any CPU
		{42F625DF-600B-48E6-B1CC-81925CAF6BB2}.Release|Any CPU.Build.0 = Release|Any CPU
		{0151A74E-334F-4E5F-95F7-EEFF670CA036}.Debug|Any CPU.ActiveCfg = Debug|Any CPU
		{0151A74E-334F-4E5F-95F7-EEFF670CA036}.Debug|Any CPU.Build.0 = Debug|Any CPU
		{0151A74E-334F-4E5F-95F7-EEFF670CA036}.Release|Any CPU.ActiveCfg = Release|Any CPU
		{0151A74E-334F-4E5F-95F7-EEFF670CA036}.Release|Any CPU.Build.0 = Release|Any CPU
		{D90F5D82-F2E1-4607-A7AA-6B520059A0F4}.Debug|Any CPU.ActiveCfg = Debug|Any CPU
		{D90F5D82-F2E1-4607-A7AA-6B520059A0F4}.Debug|Any CPU.Build.0 = Debug|Any CPU
		{D90F5D82-F2E1-4607-A7AA-6B520059A0F4}.Release|Any CPU.ActiveCfg = Release|Any CPU
		{D90F5D82-F2E1-4607-A7AA-6B520059A0F4}.Release|Any CPU.Build.0 = Release|Any CPU
	EndGlobalSection
	GlobalSection(SolutionProperties) = preSolution
		HideSolutionNode = FALSE
	EndGlobalSection
	GlobalSection(NestedProjects) = preSolution
		{82F976FE-BD0D-43E8-8050-94697AB06549} = {91A29C48-0499-4A2B-B0B4-C5A2E2A33F0D}
		{5DAE45F3-4498-40E7-9CFD-2E02DF2A269F} = {91A29C48-0499-4A2B-B0B4-C5A2E2A33F0D}
		{AADBA64C-68FC-4105-A43A-FB0A378361E0} = {91A29C48-0499-4A2B-B0B4-C5A2E2A33F0D}
		{C5062E12-CE92-463F-A071-AA4DBE6F3217} = {91A29C48-0499-4A2B-B0B4-C5A2E2A33F0D}
		{D67A2108-42C2-48AA-9FC9-FE54F395FCC6} = {91A29C48-0499-4A2B-B0B4-C5A2E2A33F0D}
		{3D15F068-FB6C-4080-9155-70ABD97ABE78} = {91A29C48-0499-4A2B-B0B4-C5A2E2A33F0D}
	EndGlobalSection
EndGlobal
