
Microsoft Visual Studio Solution File, Format Version 12.00
# Visual Studio 14
VisualStudioVersion = 14.0.22823.1
MinimumVisualStudioVersion = 10.0.40219.1
Project("{FAE04EC0-301F-11D3-BF4B-00C04F79EFBC}") = "Timeline", "Timeline\Timeline.csproj", "{29F6B562-EED2-4EC5-9316-A6994A96E82D}"
EndProject
Project("{2150E333-8FDC-42A3-9474-1A3956D46DE8}") = "Solution Items", "Solution Items", "{91A29C48-0499-4A2B-B0B4-C5A2E2A33F0D}"
EndProject
Project("{2150E333-8FDC-42A3-9474-1A3956D46DE8}") = "Considerations", "Considerations", "{82F976FE-BD0D-43E8-8050-94697AB06549}"
	ProjectSection(SolutionItems) = preProject
		Solution Items\Considerations\Considerations.pdf = Solution Items\Considerations\Considerations.pdf
		Solution Items\Considerations\Considerations.tex = Solution Items\Considerations\Considerations.tex
	EndProjectSection
EndProject
Project("{2150E333-8FDC-42A3-9474-1A3956D46DE8}") = "Requirements", "Requirements", "{AADBA64C-68FC-4105-A43A-FB0A378361E0}"
	ProjectSection(SolutionItems) = preProject
		Solution Items\Requirements\Requirements.pdf = Solution Items\Requirements\Requirements.pdf
		Solution Items\Requirements\Requirements.tex = Solution Items\Requirements\Requirements.tex
	EndProjectSection
EndProject
Project("{2150E333-8FDC-42A3-9474-1A3956D46DE8}") = "Diagrams", "Diagrams", "{C5062E12-CE92-463F-A071-AA4DBE6F3217}"
	ProjectSection(SolutionItems) = preProject
		Solution Items\Diagrams\Classical Music Database.mdj = Solution Items\Diagrams\Classical Music Database.mdj
	EndProjectSection
EndProject
Project("{2150E333-8FDC-42A3-9474-1A3956D46DE8}") = "Roadmap", "Roadmap", "{D67A2108-42C2-48AA-9FC9-FE54F395FCC6}"
	ProjectSection(SolutionItems) = preProject
		Solution Items\Roadmap\Roadmap.txt = Solution Items\Roadmap\Roadmap.txt
	EndProjectSection
EndProject
Project("{2150E333-8FDC-42A3-9474-1A3956D46DE8}") = "Specifications", "Specifications", "{3D15F068-FB6C-4080-9155-70ABD97ABE78}"
	ProjectSection(SolutionItems) = preProject
		Solution Items\Specifications\Composer Control Layout Diagram.png = Solution Items\Specifications\Composer Control Layout Diagram.png
		Solution Items\Specifications\Composer Page Back Button Diagram.png = Solution Items\Specifications\Composer Page Back Button Diagram.png
		Solution Items\Specifications\Composer Page Diagram.png = Solution Items\Specifications\Composer Page Diagram.png
		Solution Items\Specifications\Composer Page Header Diagram.png = Solution Items\Specifications\Composer Page Header Diagram.png
	EndProjectSection
EndProject
Project("{FAE04EC0-301F-11D3-BF4B-00C04F79EFBC}") = "MusicTimeline", "MusicTimeline\MusicTimeline.csproj", "{73DA9912-A74D-43D7-87DE-08F626F24BFB}"
EndProject
Project("{FAE04EC0-301F-11D3-BF4B-00C04F79EFBC}") = "LibraryDB", "LibraryDb\LibraryDB.csproj", "{0BA043E6-3D96-4D32-8A2E-C54DE859D59F}"
EndProject
Project("{FAE04EC0-301F-11D3-BF4B-00C04F79EFBC}") = "MusicDB", "MusicDb\MusicDB.csproj", "{1F805A11-8F8D-4F83-B44A-CEC052E33778}"
EndProject
Global
	GlobalSection(SolutionConfigurationPlatforms) = preSolution
		Debug|Any CPU = Debug|Any CPU
		Release|Any CPU = Release|Any CPU
	EndGlobalSection
	GlobalSection(ProjectConfigurationPlatforms) = postSolution
		{29F6B562-EED2-4EC5-9316-A6994A96E82D}.Debug|Any CPU.ActiveCfg = Debug|Any CPU
		{29F6B562-EED2-4EC5-9316-A6994A96E82D}.Debug|Any CPU.Build.0 = Debug|Any CPU
		{29F6B562-EED2-4EC5-9316-A6994A96E82D}.Release|Any CPU.ActiveCfg = Release|Any CPU
		{29F6B562-EED2-4EC5-9316-A6994A96E82D}.Release|Any CPU.Build.0 = Release|Any CPU
		{73DA9912-A74D-43D7-87DE-08F626F24BFB}.Debug|Any CPU.ActiveCfg = Debug|Any CPU
		{73DA9912-A74D-43D7-87DE-08F626F24BFB}.Debug|Any CPU.Build.0 = Debug|Any CPU
		{73DA9912-A74D-43D7-87DE-08F626F24BFB}.Release|Any CPU.ActiveCfg = Release|Any CPU
		{73DA9912-A74D-43D7-87DE-08F626F24BFB}.Release|Any CPU.Build.0 = Release|Any CPU
		{0BA043E6-3D96-4D32-8A2E-C54DE859D59F}.Debug|Any CPU.ActiveCfg = Debug|Any CPU
		{0BA043E6-3D96-4D32-8A2E-C54DE859D59F}.Debug|Any CPU.Build.0 = Debug|Any CPU
		{0BA043E6-3D96-4D32-8A2E-C54DE859D59F}.Release|Any CPU.ActiveCfg = Release|Any CPU
		{0BA043E6-3D96-4D32-8A2E-C54DE859D59F}.Release|Any CPU.Build.0 = Release|Any CPU
		{1F805A11-8F8D-4F83-B44A-CEC052E33778}.Debug|Any CPU.ActiveCfg = Debug|Any CPU
		{1F805A11-8F8D-4F83-B44A-CEC052E33778}.Debug|Any CPU.Build.0 = Debug|Any CPU
		{1F805A11-8F8D-4F83-B44A-CEC052E33778}.Release|Any CPU.ActiveCfg = Release|Any CPU
		{1F805A11-8F8D-4F83-B44A-CEC052E33778}.Release|Any CPU.Build.0 = Release|Any CPU
	EndGlobalSection
	GlobalSection(SolutionProperties) = preSolution
		HideSolutionNode = FALSE
	EndGlobalSection
	GlobalSection(NestedProjects) = preSolution
		{82F976FE-BD0D-43E8-8050-94697AB06549} = {91A29C48-0499-4A2B-B0B4-C5A2E2A33F0D}
		{AADBA64C-68FC-4105-A43A-FB0A378361E0} = {91A29C48-0499-4A2B-B0B4-C5A2E2A33F0D}
		{C5062E12-CE92-463F-A071-AA4DBE6F3217} = {91A29C48-0499-4A2B-B0B4-C5A2E2A33F0D}
		{D67A2108-42C2-48AA-9FC9-FE54F395FCC6} = {91A29C48-0499-4A2B-B0B4-C5A2E2A33F0D}
		{3D15F068-FB6C-4080-9155-70ABD97ABE78} = {91A29C48-0499-4A2B-B0B4-C5A2E2A33F0D}
	EndGlobalSection
EndGlobal
