
Microsoft Visual Studio Solution File, Format Version 12.00
# Visual Studio 14
VisualStudioVersion = 14.0.23107.0
MinimumVisualStudioVersion = 10.0.40219.1
Project("{FAE04EC0-301F-11D3-BF4B-00C04F79EFBC}") = "Timeline", "Timeline\Timeline.csproj", "{29F6B562-EED2-4EC5-9316-A6994A96E82D}"
EndProject
Project("{FAE04EC0-301F-11D3-BF4B-00C04F79EFBC}") = "LibraryDB", "LibraryDb\LibraryDB.csproj", "{0BA043E6-3D96-4D32-8A2E-C54DE859D59F}"
EndProject
Project("{FAE04EC0-301F-11D3-BF4B-00C04F79EFBC}") = "MusicDB", "MusicDb\MusicDB.csproj", "{1F805A11-8F8D-4F83-B44A-CEC052E33778}"
EndProject
Project("{FAE04EC0-301F-11D3-BF4B-00C04F79EFBC}") = "MusicTimeline", "MusicTimeline\MusicTimeline.csproj", "{73DA9912-A74D-43D7-87DE-08F626F24BFB}"
EndProject
Project("{2150E333-8FDC-42A3-9474-1A3956D46DE8}") = "Solution Items", "Solution Items", "{EF6B8628-8A1B-4E45-944F-E5B45C0A639E}"
	ProjectSection(SolutionItems) = preProject
		..\LICENSE.md = ..\LICENSE.md
		..\README.md = ..\README.md
	EndProjectSection
EndProject
Project("{FAE04EC0-301F-11D3-BF4B-00C04F79EFBC}") = "HtmlToXamlConverter", "HtmlToXamlConverter\HtmlToXamlConverter.csproj", "{E1F3F7A0-5FE8-447D-B2EE-065B770B0712}"
EndProject
Global
	GlobalSection(SolutionConfigurationPlatforms) = preSolution
		Debug|Any CPU = Debug|Any CPU
		DebugOnSurfaceSEA|Any CPU = DebugOnSurfaceSEA|Any CPU
		Release|Any CPU = Release|Any CPU
	EndGlobalSection
	GlobalSection(ProjectConfigurationPlatforms) = postSolution
		{29F6B562-EED2-4EC5-9316-A6994A96E82D}.Debug|Any CPU.ActiveCfg = Debug|Any CPU
		{29F6B562-EED2-4EC5-9316-A6994A96E82D}.Debug|Any CPU.Build.0 = Debug|Any CPU
		{29F6B562-EED2-4EC5-9316-A6994A96E82D}.DebugOnSurfaceSEA|Any CPU.ActiveCfg = Debug|Any CPU
		{29F6B562-EED2-4EC5-9316-A6994A96E82D}.DebugOnSurfaceSEA|Any CPU.Build.0 = Debug|Any CPU
		{29F6B562-EED2-4EC5-9316-A6994A96E82D}.Release|Any CPU.ActiveCfg = Release|Any CPU
		{29F6B562-EED2-4EC5-9316-A6994A96E82D}.Release|Any CPU.Build.0 = Release|Any CPU
		{0BA043E6-3D96-4D32-8A2E-C54DE859D59F}.Debug|Any CPU.ActiveCfg = Debug|Any CPU
		{0BA043E6-3D96-4D32-8A2E-C54DE859D59F}.Debug|Any CPU.Build.0 = Debug|Any CPU
		{0BA043E6-3D96-4D32-8A2E-C54DE859D59F}.DebugOnSurfaceSEA|Any CPU.ActiveCfg = Debug|Any CPU
		{0BA043E6-3D96-4D32-8A2E-C54DE859D59F}.DebugOnSurfaceSEA|Any CPU.Build.0 = Debug|Any CPU
		{0BA043E6-3D96-4D32-8A2E-C54DE859D59F}.Release|Any CPU.ActiveCfg = Release|Any CPU
		{0BA043E6-3D96-4D32-8A2E-C54DE859D59F}.Release|Any CPU.Build.0 = Release|Any CPU
		{1F805A11-8F8D-4F83-B44A-CEC052E33778}.Debug|Any CPU.ActiveCfg = Debug|Any CPU
		{1F805A11-8F8D-4F83-B44A-CEC052E33778}.Debug|Any CPU.Build.0 = Debug|Any CPU
		{1F805A11-8F8D-4F83-B44A-CEC052E33778}.DebugOnSurfaceSEA|Any CPU.ActiveCfg = Debug|Any CPU
		{1F805A11-8F8D-4F83-B44A-CEC052E33778}.DebugOnSurfaceSEA|Any CPU.Build.0 = Debug|Any CPU
		{1F805A11-8F8D-4F83-B44A-CEC052E33778}.Release|Any CPU.ActiveCfg = Release|Any CPU
		{1F805A11-8F8D-4F83-B44A-CEC052E33778}.Release|Any CPU.Build.0 = Release|Any CPU
		{73DA9912-A74D-43D7-87DE-08F626F24BFB}.Debug|Any CPU.ActiveCfg = Debug|Any CPU
		{73DA9912-A74D-43D7-87DE-08F626F24BFB}.Debug|Any CPU.Build.0 = Debug|Any CPU
		{73DA9912-A74D-43D7-87DE-08F626F24BFB}.DebugOnSurfaceSEA|Any CPU.ActiveCfg = Debug|Any CPU
		{73DA9912-A74D-43D7-87DE-08F626F24BFB}.DebugOnSurfaceSEA|Any CPU.Build.0 = Debug|Any CPU
		{73DA9912-A74D-43D7-87DE-08F626F24BFB}.Release|Any CPU.ActiveCfg = Release|Any CPU
		{73DA9912-A74D-43D7-87DE-08F626F24BFB}.Release|Any CPU.Build.0 = Release|Any CPU
		{E1F3F7A0-5FE8-447D-B2EE-065B770B0712}.Debug|Any CPU.ActiveCfg = Debug|Any CPU
		{E1F3F7A0-5FE8-447D-B2EE-065B770B0712}.Debug|Any CPU.Build.0 = Debug|Any CPU
		{E1F3F7A0-5FE8-447D-B2EE-065B770B0712}.DebugOnSurfaceSEA|Any CPU.ActiveCfg = DebugOnSurfaceSEA|Any CPU
		{E1F3F7A0-5FE8-447D-B2EE-065B770B0712}.DebugOnSurfaceSEA|Any CPU.Build.0 = DebugOnSurfaceSEA|Any CPU
		{E1F3F7A0-5FE8-447D-B2EE-065B770B0712}.Release|Any CPU.ActiveCfg = Release|Any CPU
		{E1F3F7A0-5FE8-447D-B2EE-065B770B0712}.Release|Any CPU.Build.0 = Release|Any CPU
	EndGlobalSection
	GlobalSection(SolutionProperties) = preSolution
		HideSolutionNode = FALSE
	EndGlobalSection
EndGlobal
